
Microsoft Visual Studio Solution File, Format Version 12.00
# Visual Studio Version 17
VisualStudioVersion = 17.7.34202.233
MinimumVisualStudioVersion = 10.0.40219.1
Project("{FAE04EC0-301F-11D3-BF4B-00C04F79EFBC}") = "OOP Teamwork", "OOP Teamwork\OOP Teamwork.csproj", "{A0993DFA-4B80-4107-A2D0-C7649B70BC1E}"
EndProject
Global
	GlobalSection(SolutionConfigurationPlatforms) = preSolution
		Debug|Any CPU = Debug|Any CPU
		Release|Any CPU = Release|Any CPU
	EndGlobalSection
	GlobalSection(ProjectConfigurationPlatforms) = postSolution
		{A0993DFA-4B80-4107-A2D0-C7649B70BC1E}.Debug|Any CPU.ActiveCfg = Debug|Any CPU
		{A0993DFA-4B80-4107-A2D0-C7649B70BC1E}.Debug|Any CPU.Build.0 = Debug|Any CPU
		{A0993DFA-4B80-4107-A2D0-C7649B70BC1E}.Release|Any CPU.ActiveCfg = Release|Any CPU
		{A0993DFA-4B80-4107-A2D0-C7649B70BC1E}.Release|Any CPU.Build.0 = Release|Any CPU
	EndGlobalSection
	GlobalSection(SolutionProperties) = preSolution
		HideSolutionNode = FALSE
	EndGlobalSection
	GlobalSection(ExtensibilityGlobals) = postSolution
		SolutionGuid = {3BC6FDE3-B050-4FBF-9F8C-AAD6BF4D2BA9}
	EndGlobalSection
EndGlobal
